{
  "name": "tiny",
  "version": "1.0.0",
  "lockfileVersion": 1,
  "requires": true,
  "dependencies": {
    "node-addon-api": {
      "version": "3.0.1",
      "resolved": "https://registry.npmjs.org/node-addon-api/-/node-addon-api-3.0.1.tgz",
      "integrity": "sha512-YUpjl57P55u2yUaKX5Bgy4t5s6SCNYMg+62XNg+k41aYbBL1NgWrZfcgljR5MxDxHDjzl0qHDNtH6SkW4DXNCA==",
      "dev": true
    }
  }
}
